
Microsoft Visual Studio Solution File, Format Version 11.00
# Visual Studio 2010
Project("{FAE04EC0-301F-11D3-BF4B-00C04F79EFBC}") = "Chapeu Vermelho", "Assembly-CSharp.csproj", "{B422AC07-4B69-1E32-F757-EF14D54D734C}"
EndProject
Global
	GlobalSection(SolutionConfigurationPlatforms) = preSolution
		Debug|Any CPU = Debug|Any CPU
		Release|Any CPU = Release|Any CPU
	EndGlobalSection
	GlobalSection(ProjectConfigurationPlatforms) = postSolution
		{B422AC07-4B69-1E32-F757-EF14D54D734C}.Debug|Any CPU.ActiveCfg = Debug|Any CPU
		{B422AC07-4B69-1E32-F757-EF14D54D734C}.Debug|Any CPU.Build.0 = Debug|Any CPU
		{B422AC07-4B69-1E32-F757-EF14D54D734C}.Release|Any CPU.ActiveCfg = Release|Any CPU
		{B422AC07-4B69-1E32-F757-EF14D54D734C}.Release|Any CPU.Build.0 = Release|Any CPU
	EndGlobalSection
	GlobalSection(SolutionProperties) = preSolution
		HideSolutionNode = FALSE
	EndGlobalSection
	GlobalSection(MonoDevelopProperties) = preSolution
		StartupItem = Assembly-CSharp.csproj
	EndGlobalSection
EndGlobal
